
Microsoft Visual Studio Solution File, Format Version 12.00
# Visual Studio Version 17
VisualStudioVersion = 17.9.34622.214
MinimumVisualStudioVersion = 10.0.40219.1
Project("{FAE04EC0-301F-11D3-BF4B-00C04F79EFBC}") = "ProjetoLanchonete", "ProjetoLanchonete\ProjetoLanchonete.csproj", "{75D7AAB8-D5B9-4D28-8F84-95E8361C2C86}"
EndProject
Global
	GlobalSection(SolutionConfigurationPlatforms) = preSolution
		Debug|Any CPU = Debug|Any CPU
		Release|Any CPU = Release|Any CPU
	EndGlobalSection
	GlobalSection(ProjectConfigurationPlatforms) = postSolution
		{75D7AAB8-D5B9-4D28-8F84-95E8361C2C86}.Debug|Any CPU.ActiveCfg = Debug|Any CPU
		{75D7AAB8-D5B9-4D28-8F84-95E8361C2C86}.Debug|Any CPU.Build.0 = Debug|Any CPU
		{75D7AAB8-D5B9-4D28-8F84-95E8361C2C86}.Release|Any CPU.ActiveCfg = Release|Any CPU
		{75D7AAB8-D5B9-4D28-8F84-95E8361C2C86}.Release|Any CPU.Build.0 = Release|Any CPU
	EndGlobalSection
	GlobalSection(SolutionProperties) = preSolution
		HideSolutionNode = FALSE
	EndGlobalSection
	GlobalSection(ExtensibilityGlobals) = postSolution
		SolutionGuid = {1D8A12E1-D8FB-418A-BAE2-06115ACACAAA}
	EndGlobalSection
EndGlobal
